
Microsoft Visual Studio Solution File, Format Version 12.00
# Visual Studio 15
VisualStudioVersion = 15.0.27703.2042
MinimumVisualStudioVersion = 10.0.40219.1
Project("{FAE04EC0-301F-11D3-BF4B-00C04F79EFBC}") = "WinniesMessageBox", "WinniesMessageBox\WinniesMessageBox.csproj", "{B71927B0-DAFA-46F3-BC4B-D73B8288058A}"
EndProject
Project("{FAE04EC0-301F-11D3-BF4B-00C04F79EFBC}") = "YourApp", "YourApp\YourApp.csproj", "{95A07EA7-52D9-4C85-8243-68CD9D758681}"
EndProject
Global
	GlobalSection(SolutionConfigurationPlatforms) = preSolution
		Debug|Any CPU = Debug|Any CPU
		Release|Any CPU = Release|Any CPU
	EndGlobalSection
	GlobalSection(ProjectConfigurationPlatforms) = postSolution
		{B71927B0-DAFA-46F3-BC4B-D73B8288058A}.Debug|Any CPU.ActiveCfg = Debug|Any CPU
		{B71927B0-DAFA-46F3-BC4B-D73B8288058A}.Debug|Any CPU.Build.0 = Debug|Any CPU
		{B71927B0-DAFA-46F3-BC4B-D73B8288058A}.Release|Any CPU.ActiveCfg = Release|Any CPU
		{B71927B0-DAFA-46F3-BC4B-D73B8288058A}.Release|Any CPU.Build.0 = Release|Any CPU
		{95A07EA7-52D9-4C85-8243-68CD9D758681}.Debug|Any CPU.ActiveCfg = Debug|Any CPU
		{95A07EA7-52D9-4C85-8243-68CD9D758681}.Debug|Any CPU.Build.0 = Debug|Any CPU
		{95A07EA7-52D9-4C85-8243-68CD9D758681}.Release|Any CPU.ActiveCfg = Release|Any CPU
		{95A07EA7-52D9-4C85-8243-68CD9D758681}.Release|Any CPU.Build.0 = Release|Any CPU
	EndGlobalSection
	GlobalSection(SolutionProperties) = preSolution
		HideSolutionNode = FALSE
	EndGlobalSection
	GlobalSection(ExtensibilityGlobals) = postSolution
		SolutionGuid = {8ABCB0C4-CDCA-4F40-A11A-E931C27C81AA}
	EndGlobalSection
EndGlobal
