
Microsoft Visual Studio Solution File, Format Version 12.00
# Visual Studio Version 16
VisualStudioVersion = 16.0.31019.35
MinimumVisualStudioVersion = 10.0.40219.1
Project("{FAE04EC0-301F-11D3-BF4B-00C04F79EFBC}") = "FXMLE", "FXMLE.csproj", "{0F263040-B7AE-4D65-BFF4-48FD292A898E}"
EndProject
Global
	GlobalSection(SolutionConfigurationPlatforms) = preSolution
		Debug|Any CPU = Debug|Any CPU
		Release|Any CPU = Release|Any CPU
	EndGlobalSection
	GlobalSection(ProjectConfigurationPlatforms) = postSolution
		{0F263040-B7AE-4D65-BFF4-48FD292A898E}.Debug|Any CPU.ActiveCfg = Debug|Any CPU
		{0F263040-B7AE-4D65-BFF4-48FD292A898E}.Debug|Any CPU.Build.0 = Debug|Any CPU
		{0F263040-B7AE-4D65-BFF4-48FD292A898E}.Release|Any CPU.ActiveCfg = Release|Any CPU
		{0F263040-B7AE-4D65-BFF4-48FD292A898E}.Release|Any CPU.Build.0 = Release|Any CPU
	EndGlobalSection
	GlobalSection(SolutionProperties) = preSolution
		HideSolutionNode = FALSE
	EndGlobalSection
	GlobalSection(ExtensibilityGlobals) = postSolution
		SolutionGuid = {BAF36823-9374-48D4-BDB5-DB2260A23FA9}
	EndGlobalSection
EndGlobal
