
Microsoft Visual Studio Solution File, Format Version 12.00
# Visual Studio Version 16
VisualStudioVersion = 16.0.31019.35
MinimumVisualStudioVersion = 10.0.40219.1
Project("{FAE04EC0-301F-11D3-BF4B-00C04F79EFBC}") = "PCCARE_mobile_xmleditor", "PCCARE_mobile_xmleditor.csproj", "{F040762A-3D40-430C-A0D2-8E259D609486}"
EndProject
Global
	GlobalSection(SolutionConfigurationPlatforms) = preSolution
		Debug|Any CPU = Debug|Any CPU
		Release|Any CPU = Release|Any CPU
	EndGlobalSection
	GlobalSection(ProjectConfigurationPlatforms) = postSolution
		{F040762A-3D40-430C-A0D2-8E259D609486}.Debug|Any CPU.ActiveCfg = Debug|Any CPU
		{F040762A-3D40-430C-A0D2-8E259D609486}.Debug|Any CPU.Build.0 = Debug|Any CPU
		{F040762A-3D40-430C-A0D2-8E259D609486}.Release|Any CPU.ActiveCfg = Release|Any CPU
		{F040762A-3D40-430C-A0D2-8E259D609486}.Release|Any CPU.Build.0 = Release|Any CPU
	EndGlobalSection
	GlobalSection(SolutionProperties) = preSolution
		HideSolutionNode = FALSE
	EndGlobalSection
	GlobalSection(ExtensibilityGlobals) = postSolution
		SolutionGuid = {039A7A7F-9D5D-49A0-B951-9E637AE61298}
	EndGlobalSection
EndGlobal
